// !$*UTF8*$!
{
	archiveVersion = 1;
	classes = {
	};
	objectVersion = 46;
	objects = {

/* Begin PBXBuildFile section */
		04266C6018CFF7C4001811F4 /* InfoPlist.strings in Resources */ = {isa = PBXBuildFile; fileRef = 04266C4018CFF7C4001811F4 /* InfoPlist.strings */; };
		04266C7018D02FC7001811F4 /* AVFoundation.framework in Frameworks */ = {isa = PBXBuildFile; fileRef = 04266C6F18D02FC7001811F4 /* AVFoundation.framework */; };
		043E597F18C0847B00BADFF3 /* Foundation.framework in Frameworks */ = {isa = PBXBuildFile; fileRef = 043E597E18C0847B00BADFF3 /* Foundation.framework */; };
		043E598118C0847B00BADFF3 /* CoreGraphics.framework in Frameworks */ = {isa = PBXBuildFile; fileRef = 043E598018C0847B00BADFF3 /* CoreGraphics.framework */; };
		043E598318C0847B00BADFF3 /* UIKit.framework in Frameworks */ = {isa = PBXBuildFile; fileRef = 043E598218C0847B00BADFF3 /* UIKit.framework */; };
		043E599918C0847B00BADFF3 /* Foundation.framework in Frameworks */ = {isa = PBXBuildFile; fileRef = 043E597E18C0847B00BADFF3 /* Foundation.framework */; };
		043E599A18C0847B00BADFF3 /* UIKit.framework in Frameworks */ = {isa = PBXBuildFile; fileRef = 043E598218C0847B00BADFF3 /* UIKit.framework */; };
		04F255F118E15B5B00735A3A /* CoreData.framework in Frameworks */ = {isa = PBXBuildFile; fileRef = 04F255F018E15B5B00735A3A /* CoreData.framework */; };
		04F7193118DAC0B1006EDE32 /* AudioToolbox.framework in Frameworks */ = {isa = PBXBuildFile; fileRef = 04F7193018DAC0B1006EDE32 /* AudioToolbox.framework */; };
		2652AAAF1A4275FE001D8F9D /* main.m in Sources */ = {isa = PBXBuildFile; fileRef = 2652AAAC1A4275FE001D8F9D /* main.m */; };
		2652AAD71A42760D001D8F9D /* NJKWebViewProgress.m in Sources */ = {isa = PBXBuildFile; fileRef = 2652AACA1A42760D001D8F9D /* NJKWebViewProgress.m */; };
		2652AAD81A42760D001D8F9D /* NJKWebViewProgressView.m in Sources */ = {isa = PBXBuildFile; fileRef = 2652AACC1A42760D001D8F9D /* NJKWebViewProgressView.m */; };
		2652AAF71A42782D001D8F9D /* CodeX-Info.plist in Resources */ = {isa = PBXBuildFile; fileRef = 2652AAF31A42782D001D8F9D /* CodeX-Info.plist */; };
		2652AAF81A42782D001D8F9D /* InfoPlist.strings in Resources */ = {isa = PBXBuildFile; fileRef = 2652AAF51A42782D001D8F9D /* InfoPlist.strings */; };
		2652AAFB1A4279EF001D8F9D /* Images.xcassets in Resources */ = {isa = PBXBuildFile; fileRef = 2652AAFA1A4279EF001D8F9D /* Images.xcassets */; };
		2652AB321A427C2D001D8F9D /* CXTools.m in Sources */ = {isa = PBXBuildFile; fileRef = 2652AB071A427C2D001D8F9D /* CXTools.m */; };
		2652AB331A427C2D001D8F9D /* CXHistoryModel.m in Sources */ = {isa = PBXBuildFile; fileRef = 2652AB0F1A427C2D001D8F9D /* CXHistoryModel.m */; };
		2652AB341A427C2D001D8F9D /* CXHistoryType.m in Sources */ = {isa = PBXBuildFile; fileRef = 2652AB111A427C2D001D8F9D /* CXHistoryType.m */; };
		2652AB361A427C2D001D8F9D /* CXNavigationController.m in Sources */ = {isa = PBXBuildFile; fileRef = 2652AB171A427C2D001D8F9D /* CXNavigationController.m */; };
		2652AB371A427C2D001D8F9D /* CXPhoneViewController.m in Sources */ = {isa = PBXBuildFile; fileRef = 2652AB191A427C2D001D8F9D /* CXPhoneViewController.m */; };
		2652AB381A427C2D001D8F9D /* CXAppDelegate.m in Sources */ = {isa = PBXBuildFile; fileRef = 2652AB1B1A427C2D001D8F9D /* CXAppDelegate.m */; };
		2652AB391A427C2D001D8F9D /* CXQRCodeViewController.m in Sources */ = {isa = PBXBuildFile; fileRef = 2652AB1D1A427C2D001D8F9D /* CXQRCodeViewController.m */; };
		2652AB3C1A427C2D001D8F9D /* CXURLHandler.m in Sources */ = {isa = PBXBuildFile; fileRef = 2652AB251A427C2D001D8F9D /* CXURLHandler.m */; };
		2652AB3E1A427C2D001D8F9D /* CXWebView.m in Sources */ = {isa = PBXBuildFile; fileRef = 2652AB291A427C2D001D8F9D /* CXWebView.m */; };
		2652AB3F1A427C2D001D8F9D /* CXWebViewController.m in Sources */ = {isa = PBXBuildFile; fileRef = 2652AB2B1A427C2D001D8F9D /* CXWebViewController.m */; };
		2652AB401A427C2D001D8F9D /* CXHistoryView.m in Sources */ = {isa = PBXBuildFile; fileRef = 2652AB2F1A427C2D001D8F9D /* CXHistoryView.m */; };
		2652AB411A427C2D001D8F9D /* CXQRCodeView.m in Sources */ = {isa = PBXBuildFile; fileRef = 2652AB311A427C2D001D8F9D /* CXQRCodeView.m */; };
		2652AB441A427F8B001D8F9D /* CXQRCodeResultType.m in Sources */ = {isa = PBXBuildFile; fileRef = 2652AB431A427F8B001D8F9D /* CXQRCodeResultType.m */; };
		2652AB471A42A7EE001D8F9D /* CXHomeViewController.m in Sources */ = {isa = PBXBuildFile; fileRef = 2652AB461A42A7EE001D8F9D /* CXHomeViewController.m */; };
		2652AB4A1A42A7F8001D8F9D /* CXHomeURLInputView.m in Sources */ = {isa = PBXBuildFile; fileRef = 2652AB491A42A7F8001D8F9D /* CXHomeURLInputView.m */; };
		2652AB501A42C29D001D8F9D /* CXSettingsMenuType.m in Sources */ = {isa = PBXBuildFile; fileRef = 2652AB4F1A42C29D001D8F9D /* CXSettingsMenuType.m */; };
		2652AB541A42C98E001D8F9D /* CXSettingsViewController.m in Sources */ = {isa = PBXBuildFile; fileRef = 2652AB531A42C98E001D8F9D /* CXSettingsViewController.m */; };
		2652AB681A43C86F001D8F9D /* CXSettingsContViewController.m in Sources */ = {isa = PBXBuildFile; fileRef = 2652AB671A43C86F001D8F9D /* CXSettingsContViewController.m */; };
		2652AB6B1A43CB43001D8F9D /* CXTableView.m in Sources */ = {isa = PBXBuildFile; fileRef = 2652AB6A1A43CB43001D8F9D /* CXTableView.m */; };
		2652AB6E1A43CB52001D8F9D /* CXTableViewCell.m in Sources */ = {isa = PBXBuildFile; fileRef = 2652AB6D1A43CB52001D8F9D /* CXTableViewCell.m */; };
		2652AB861A43FF2B001D8F9D /* CXSettingsContTableViewCell.m in Sources */ = {isa = PBXBuildFile; fileRef = 2652AB851A43FF2B001D8F9D /* CXSettingsContTableViewCell.m */; };
		2652AB8B1A440171001D8F9D /* CXSettingsContController.m in Sources */ = {isa = PBXBuildFile; fileRef = 2652AB881A440171001D8F9D /* CXSettingsContController.m */; };
		2652AB8C1A440171001D8F9D /* CXSettingsController.m in Sources */ = {isa = PBXBuildFile; fileRef = 2652AB8A1A440171001D8F9D /* CXSettingsController.m */; };
		2652AB8F1A44049C001D8F9D /* CXBrowserWebController.m in Sources */ = {isa = PBXBuildFile; fileRef = 2652AB8E1A44049C001D8F9D /* CXBrowserWebController.m */; };
		2652AB931A440C9C001D8F9D /* CXController.m in Sources */ = {isa = PBXBuildFile; fileRef = 2652AB921A440C9C001D8F9D /* CXController.m */; };
		2652AB961A440CBE001D8F9D /* CXWebController.m in Sources */ = {isa = PBXBuildFile; fileRef = 2652AB951A440CBE001D8F9D /* CXWebController.m */; };
		2652AB991A440CCA001D8F9D /* CXTableController.m in Sources */ = {isa = PBXBuildFile; fileRef = 2652AB981A440CCA001D8F9D /* CXTableController.m */; };
		265BFA8F1BF04F6000B39AC9 /* AdSupport.framework in Frameworks */ = {isa = PBXBuildFile; fileRef = 265BFA8E1BF04F6000B39AC9 /* AdSupport.framework */; };
		265BFA921BF06A6D00B39AC9 /* GDWorkspace.framework in Frameworks */ = {isa = PBXBuildFile; fileRef = 265BFA911BF06A6D00B39AC9 /* GDWorkspace.framework */; };
		2681FB7F1A442B6B00D6F544 /* CXKeyValueType.m in Sources */ = {isa = PBXBuildFile; fileRef = 2681FB7E1A442B6B00D6F544 /* CXKeyValueType.m */; };
		2699888A1A4023080065A338 /* G7CommonSetting.plist in Resources */ = {isa = PBXBuildFile; fileRef = 269988891A4023080065A338 /* G7CommonSetting.plist */; };
		269988D11A4023F70065A338 /* CHANGELOG.md in Sources */ = {isa = PBXBuildFile; fileRef = 269988951A4023F70065A338 /* CHANGELOG.md */; };
		269988D21A4023F70065A338 /* G7BLL.framework in Frameworks */ = {isa = PBXBuildFile; fileRef = 269988961A4023F70065A338 /* G7BLL.framework */; };
		269988E91A4023F70065A338 /* CHANGELOG.md in Sources */ = {isa = PBXBuildFile; fileRef = 269988CF1A4023F70065A338 /* CHANGELOG.md */; };
		269988EA1A4023F70065A338 /* G7Network.framework in Frameworks */ = {isa = PBXBuildFile; fileRef = 269988D01A4023F70065A338 /* G7Network.framework */; };
		269988EF1A40270E0065A338 /* CHANGELOG.md in Sources */ = {isa = PBXBuildFile; fileRef = 269988ED1A40270E0065A338 /* CHANGELOG.md */; };
		269988F01A40270E0065A338 /* G7Core.framework in Frameworks */ = {isa = PBXBuildFile; fileRef = 269988EE1A40270E0065A338 /* G7Core.framework */; };
		26AAE53F1A47B9BC00FCE37E /* CXSettingsDetailViewController.m in Sources */ = {isa = PBXBuildFile; fileRef = 26AAE53E1A47B9BC00FCE37E /* CXSettingsDetailViewController.m */; };
		26EA22431A48255C0066E697 /* CXSettingsDetailController.m in Sources */ = {isa = PBXBuildFile; fileRef = 26EA22421A48255C0066E697 /* CXSettingsDetailController.m */; };
		26EA22491A48272C0066E697 /* CXSettingsDetailTableViewCell.m in Sources */ = {isa = PBXBuildFile; fileRef = 26EA22481A48272C0066E697 /* CXSettingsDetailTableViewCell.m */; };
		26EA224F1A4918100066E697 /* CXSettingsURLFilterViewController.m in Sources */ = {isa = PBXBuildFile; fileRef = 26EA224E1A4918100066E697 /* CXSettingsURLFilterViewController.m */; };
		26EA22521A493F470066E697 /* CXSettingsModel.m in Sources */ = {isa = PBXBuildFile; fileRef = 26EA22511A493F470066E697 /* CXSettingsModel.m */; };
/* End PBXBuildFile section */

/* Begin PBXContainerItemProxy section */
		043E599B18C0847B00BADFF3 /* PBXContainerItemProxy */ = {
			isa = PBXContainerItemProxy;
			containerPortal = 043E597318C0847B00BADFF3 /* Project object */;
			proxyType = 1;
			remoteGlobalIDString = 043E597A18C0847B00BADFF3;
			remoteInfo = NewCodeX;
		};
/* End PBXContainerItemProxy section */

/* Begin PBXFileReference section */
		04266C4118CFF7C4001811F4 /* en */ = {isa = PBXFileReference; lastKnownFileType = text.plist.strings; name = en; path = en.lproj/InfoPlist.strings; sourceTree = "<group>"; };
		04266C4218CFF7C4001811F4 /* zh-Hans */ = {isa = PBXFileReference; lastKnownFileType = text.plist.strings; name = "zh-Hans"; path = "zh-Hans.lproj/InfoPlist.strings"; sourceTree = "<group>"; };
		04266C6F18D02FC7001811F4 /* AVFoundation.framework */ = {isa = PBXFileReference; lastKnownFileType = wrapper.framework; name = AVFoundation.framework; path = System/Library/Frameworks/AVFoundation.framework; sourceTree = SDKROOT; };
		043E597B18C0847B00BADFF3 /* CodeX.app */ = {isa = PBXFileReference; explicitFileType = wrapper.application; includeInIndex = 0; path = CodeX.app; sourceTree = BUILT_PRODUCTS_DIR; };
		043E597E18C0847B00BADFF3 /* Foundation.framework */ = {isa = PBXFileReference; lastKnownFileType = wrapper.framework; name = Foundation.framework; path = System/Library/Frameworks/Foundation.framework; sourceTree = SDKROOT; };
		043E598018C0847B00BADFF3 /* CoreGraphics.framework */ = {isa = PBXFileReference; lastKnownFileType = wrapper.framework; name = CoreGraphics.framework; path = System/Library/Frameworks/CoreGraphics.framework; sourceTree = SDKROOT; };
		043E598218C0847B00BADFF3 /* UIKit.framework */ = {isa = PBXFileReference; lastKnownFileType = wrapper.framework; name = UIKit.framework; path = System/Library/Frameworks/UIKit.framework; sourceTree = SDKROOT; };
		043E599618C0847B00BADFF3 /* CodeXTests.xctest */ = {isa = PBXFileReference; explicitFileType = wrapper.cfbundle; includeInIndex = 0; path = CodeXTests.xctest; sourceTree = BUILT_PRODUCTS_DIR; };
		04F255F018E15B5B00735A3A /* CoreData.framework */ = {isa = PBXFileReference; lastKnownFileType = wrapper.framework; name = CoreData.framework; path = System/Library/Frameworks/CoreData.framework; sourceTree = SDKROOT; };
		04F7193018DAC0B1006EDE32 /* AudioToolbox.framework */ = {isa = PBXFileReference; lastKnownFileType = wrapper.framework; name = AudioToolbox.framework; path = System/Library/Frameworks/AudioToolbox.framework; sourceTree = SDKROOT; };
		2652AAAC1A4275FE001D8F9D /* main.m */ = {isa = PBXFileReference; fileEncoding = 4; lastKnownFileType = sourcecode.c.objc; path = main.m; sourceTree = "<group>"; };
		2652AAC91A42760D001D8F9D /* NJKWebViewProgress.h */ = {isa = PBXFileReference; fileEncoding = 4; lastKnownFileType = sourcecode.c.h; path = NJKWebViewProgress.h; sourceTree = "<group>"; };
		2652AACA1A42760D001D8F9D /* NJKWebViewProgress.m */ = {isa = PBXFileReference; fileEncoding = 4; lastKnownFileType = sourcecode.c.objc; path = NJKWebViewProgress.m; sourceTree = "<group>"; };
		2652AACB1A42760D001D8F9D /* NJKWebViewProgressView.h */ = {isa = PBXFileReference; fileEncoding = 4; lastKnownFileType = sourcecode.c.h; path = NJKWebViewProgressView.h; sourceTree = "<group>"; };
		2652AACC1A42760D001D8F9D /* NJKWebViewProgressView.m */ = {isa = PBXFileReference; fileEncoding = 4; lastKnownFileType = sourcecode.c.objc; path = NJKWebViewProgressView.m; sourceTree = "<group>"; };
		2652AAF31A42782D001D8F9D /* CodeX-Info.plist */ = {isa = PBXFileReference; fileEncoding = 4; lastKnownFileType = text.plist.xml; path = "CodeX-Info.plist"; sourceTree = "<group>"; };
		2652AAF61A42782D001D8F9D /* en */ = {isa = PBXFileReference; lastKnownFileType = text.plist.strings; name = en; path = InfoPlist.strings; sourceTree = "<group>"; };
		2652AAFA1A4279EF001D8F9D /* Images.xcassets */ = {isa = PBXFileReference; lastKnownFileType = folder.assetcatalog; path = Images.xcassets; sourceTree = "<group>"; };
		2652AB051A427C2D001D8F9D /* CodeX-Prefix.pch */ = {isa = PBXFileReference; fileEncoding = 4; lastKnownFileType = sourcecode.c.h; path = "CodeX-Prefix.pch"; sourceTree = "<group>"; };
		2652AB061A427C2D001D8F9D /* CXTools.h */ = {isa = PBXFileReference; fileEncoding = 4; lastKnownFileType = sourcecode.c.h; path = CXTools.h; sourceTree = "<group>"; };
		2652AB071A427C2D001D8F9D /* CXTools.m */ = {isa = PBXFileReference; fileEncoding = 4; lastKnownFileType = sourcecode.c.objc; path = CXTools.m; sourceTree = "<group>"; };
		2652AB091A427C2D001D8F9D /* CXAppearanceMacro.h */ = {isa = PBXFileReference; fileEncoding = 4; lastKnownFileType = sourcecode.c.h; path = CXAppearanceMacro.h; sourceTree = "<group>"; };
		2652AB0A1A427C2D001D8F9D /* CXKeyMacro.h */ = {isa = PBXFileReference; fileEncoding = 4; lastKnownFileType = sourcecode.c.h; path = CXKeyMacro.h; sourceTree = "<group>"; };
		2652AB0B1A427C2D001D8F9D /* CXMainMacro.h */ = {isa = PBXFileReference; fileEncoding = 4; lastKnownFileType = sourcecode.c.h; path = CXMainMacro.h; sourceTree = "<group>"; };
		2652AB0C1A427C2D001D8F9D /* CXURLMacro.h */ = {isa = PBXFileReference; fileEncoding = 4; lastKnownFileType = sourcecode.c.h; path = CXURLMacro.h; sourceTree = "<group>"; };
		2652AB0E1A427C2D001D8F9D /* CXHistoryModel.h */ = {isa = PBXFileReference; fileEncoding = 4; lastKnownFileType = sourcecode.c.h; path = CXHistoryModel.h; sourceTree = "<group>"; };
		2652AB0F1A427C2D001D8F9D /* CXHistoryModel.m */ = {isa = PBXFileReference; fileEncoding = 4; lastKnownFileType = sourcecode.c.objc; path = CXHistoryModel.m; sourceTree = "<group>"; };
		2652AB101A427C2D001D8F9D /* CXHistoryType.h */ = {isa = PBXFileReference; fileEncoding = 4; lastKnownFileType = sourcecode.c.h; path = CXHistoryType.h; sourceTree = "<group>"; };
		2652AB111A427C2D001D8F9D /* CXHistoryType.m */ = {isa = PBXFileReference; fileEncoding = 4; lastKnownFileType = sourcecode.c.objc; path = CXHistoryType.m; sourceTree = "<group>"; };
		2652AB161A427C2D001D8F9D /* CXNavigationController.h */ = {isa = PBXFileReference; fileEncoding = 4; lastKnownFileType = sourcecode.c.h; path = CXNavigationController.h; sourceTree = "<group>"; };
		2652AB171A427C2D001D8F9D /* CXNavigationController.m */ = {isa = PBXFileReference; fileEncoding = 4; lastKnownFileType = sourcecode.c.objc; path = CXNavigationController.m; sourceTree = "<group>"; };
		2652AB181A427C2D001D8F9D /* CXPhoneViewController.h */ = {isa = PBXFileReference; fileEncoding = 4; lastKnownFileType = sourcecode.c.h; path = CXPhoneViewController.h; sourceTree = "<group>"; };
		2652AB191A427C2D001D8F9D /* CXPhoneViewController.m */ = {isa = PBXFileReference; fileEncoding = 4; lastKnownFileType = sourcecode.c.objc; path = CXPhoneViewController.m; sourceTree = "<group>"; };
		2652AB1A1A427C2D001D8F9D /* CXAppDelegate.h */ = {isa = PBXFileReference; fileEncoding = 4; lastKnownFileType = sourcecode.c.h; path = CXAppDelegate.h; sourceTree = "<group>"; };
		2652AB1B1A427C2D001D8F9D /* CXAppDelegate.m */ = {isa = PBXFileReference; fileEncoding = 4; lastKnownFileType = sourcecode.c.objc; path = CXAppDelegate.m; sourceTree = "<group>"; };
		2652AB1C1A427C2D001D8F9D /* CXQRCodeViewController.h */ = {isa = PBXFileReference; fileEncoding = 4; lastKnownFileType = sourcecode.c.h; path = CXQRCodeViewController.h; sourceTree = "<group>"; };
		2652AB1D1A427C2D001D8F9D /* CXQRCodeViewController.m */ = {isa = PBXFileReference; fileEncoding = 4; lastKnownFileType = sourcecode.c.objc; path = CXQRCodeViewController.m; sourceTree = "<group>"; };
		2652AB241A427C2D001D8F9D /* CXURLHandler.h */ = {isa = PBXFileReference; fileEncoding = 4; lastKnownFileType = sourcecode.c.h; path = CXURLHandler.h; sourceTree = "<group>"; };
		2652AB251A427C2D001D8F9D /* CXURLHandler.m */ = {isa = PBXFileReference; fileEncoding = 4; lastKnownFileType = sourcecode.c.objc; path = CXURLHandler.m; sourceTree = "<group>"; };
		2652AB281A427C2D001D8F9D /* CXWebView.h */ = {isa = PBXFileReference; fileEncoding = 4; lastKnownFileType = sourcecode.c.h; path = CXWebView.h; sourceTree = "<group>"; };
		2652AB291A427C2D001D8F9D /* CXWebView.m */ = {isa = PBXFileReference; fileEncoding = 4; lastKnownFileType = sourcecode.c.objc; path = CXWebView.m; sourceTree = "<group>"; };
		2652AB2A1A427C2D001D8F9D /* CXWebViewController.h */ = {isa = PBXFileReference; fileEncoding = 4; lastKnownFileType = sourcecode.c.h; path = CXWebViewController.h; sourceTree = "<group>"; };
		2652AB2B1A427C2D001D8F9D /* CXWebViewController.m */ = {isa = PBXFileReference; fileEncoding = 4; lastKnownFileType = sourcecode.c.objc; path = CXWebViewController.m; sourceTree = "<group>"; };
		2652AB2E1A427C2D001D8F9D /* CXHistoryView.h */ = {isa = PBXFileReference; fileEncoding = 4; lastKnownFileType = sourcecode.c.h; path = CXHistoryView.h; sourceTree = "<group>"; };
		2652AB2F1A427C2D001D8F9D /* CXHistoryView.m */ = {isa = PBXFileReference; fileEncoding = 4; lastKnownFileType = sourcecode.c.objc; path = CXHistoryView.m; sourceTree = "<group>"; };
		2652AB301A427C2D001D8F9D /* CXQRCodeView.h */ = {isa = PBXFileReference; fileEncoding = 4; lastKnownFileType = sourcecode.c.h; path = CXQRCodeView.h; sourceTree = "<group>"; };
		2652AB311A427C2D001D8F9D /* CXQRCodeView.m */ = {isa = PBXFileReference; fileEncoding = 4; lastKnownFileType = sourcecode.c.objc; path = CXQRCodeView.m; sourceTree = "<group>"; };
		2652AB421A427F8B001D8F9D /* CXQRCodeResultType.h */ = {isa = PBXFileReference; fileEncoding = 4; lastKnownFileType = sourcecode.c.h; path = CXQRCodeResultType.h; sourceTree = "<group>"; };
		2652AB431A427F8B001D8F9D /* CXQRCodeResultType.m */ = {isa = PBXFileReference; fileEncoding = 4; lastKnownFileType = sourcecode.c.objc; path = CXQRCodeResultType.m; sourceTree = "<group>"; };
		2652AB451A42A7EE001D8F9D /* CXHomeViewController.h */ = {isa = PBXFileReference; fileEncoding = 4; lastKnownFileType = sourcecode.c.h; path = CXHomeViewController.h; sourceTree = "<group>"; };
		2652AB461A42A7EE001D8F9D /* CXHomeViewController.m */ = {isa = PBXFileReference; fileEncoding = 4; lastKnownFileType = sourcecode.c.objc; path = CXHomeViewController.m; sourceTree = "<group>"; };
		2652AB481A42A7F8001D8F9D /* CXHomeURLInputView.h */ = {isa = PBXFileReference; fileEncoding = 4; lastKnownFileType = sourcecode.c.h; path = CXHomeURLInputView.h; sourceTree = "<group>"; };
		2652AB491A42A7F8001D8F9D /* CXHomeURLInputView.m */ = {isa = PBXFileReference; fileEncoding = 4; lastKnownFileType = sourcecode.c.objc; path = CXHomeURLInputView.m; sourceTree = "<group>"; };
		2652AB4E1A42C29D001D8F9D /* CXSettingsMenuType.h */ = {isa = PBXFileReference; fileEncoding = 4; lastKnownFileType = sourcecode.c.h; path = CXSettingsMenuType.h; sourceTree = "<group>"; };
		2652AB4F1A42C29D001D8F9D /* CXSettingsMenuType.m */ = {isa = PBXFileReference; fileEncoding = 4; lastKnownFileType = sourcecode.c.objc; path = CXSettingsMenuType.m; sourceTree = "<group>"; };
		2652AB521A42C98E001D8F9D /* CXSettingsViewController.h */ = {isa = PBXFileReference; fileEncoding = 4; lastKnownFileType = sourcecode.c.h; path = CXSettingsViewController.h; sourceTree = "<group>"; };
		2652AB531A42C98E001D8F9D /* CXSettingsViewController.m */ = {isa = PBXFileReference; fileEncoding = 4; lastKnownFileType = sourcecode.c.objc; path = CXSettingsViewController.m; sourceTree = "<group>"; };
		2652AB611A42E5EF001D8F9D /* CXCoreMacro.h */ = {isa = PBXFileReference; lastKnownFileType = sourcecode.c.h; path = CXCoreMacro.h; sourceTree = "<group>"; };
		2652AB661A43C86F001D8F9D /* CXSettingsContViewController.h */ = {isa = PBXFileReference; fileEncoding = 4; lastKnownFileType = sourcecode.c.h; path = CXSettingsContViewController.h; sourceTree = "<group>"; };
		2652AB671A43C86F001D8F9D /* CXSettingsContViewController.m */ = {isa = PBXFileReference; fileEncoding = 4; lastKnownFileType = sourcecode.c.objc; path = CXSettingsContViewController.m; sourceTree = "<group>"; };
		2652AB691A43CB43001D8F9D /* CXTableView.h */ = {isa = PBXFileReference; fileEncoding = 4; lastKnownFileType = sourcecode.c.h; path = CXTableView.h; sourceTree = "<group>"; };
		2652AB6A1A43CB43001D8F9D /* CXTableView.m */ = {isa = PBXFileReference; fileEncoding = 4; lastKnownFileType = sourcecode.c.objc; path = CXTableView.m; sourceTree = "<group>"; };
		2652AB6C1A43CB52001D8F9D /* CXTableViewCell.h */ = {isa = PBXFileReference; fileEncoding = 4; lastKnownFileType = sourcecode.c.h; path = CXTableViewCell.h; sourceTree = "<group>"; };
		2652AB6D1A43CB52001D8F9D /* CXTableViewCell.m */ = {isa = PBXFileReference; fileEncoding = 4; lastKnownFileType = sourcecode.c.objc; path = CXTableViewCell.m; sourceTree = "<group>"; };
		2652AB841A43FF2B001D8F9D /* CXSettingsContTableViewCell.h */ = {isa = PBXFileReference; fileEncoding = 4; lastKnownFileType = sourcecode.c.h; path = CXSettingsContTableViewCell.h; sourceTree = "<group>"; };
		2652AB851A43FF2B001D8F9D /* CXSettingsContTableViewCell.m */ = {isa = PBXFileReference; fileEncoding = 4; lastKnownFileType = sourcecode.c.objc; path = CXSettingsContTableViewCell.m; sourceTree = "<group>"; };
		2652AB871A440171001D8F9D /* CXSettingsContController.h */ = {isa = PBXFileReference; fileEncoding = 4; lastKnownFileType = sourcecode.c.h; path = CXSettingsContController.h; sourceTree = "<group>"; };
		2652AB881A440171001D8F9D /* CXSettingsContController.m */ = {isa = PBXFileReference; fileEncoding = 4; lastKnownFileType = sourcecode.c.objc; path = CXSettingsContController.m; sourceTree = "<group>"; };
		2652AB891A440171001D8F9D /* CXSettingsController.h */ = {isa = PBXFileReference; fileEncoding = 4; lastKnownFileType = sourcecode.c.h; path = CXSettingsController.h; sourceTree = "<group>"; };
		2652AB8A1A440171001D8F9D /* CXSettingsController.m */ = {isa = PBXFileReference; fileEncoding = 4; lastKnownFileType = sourcecode.c.objc; path = CXSettingsController.m; sourceTree = "<group>"; };
		2652AB8D1A44049C001D8F9D /* CXBrowserWebController.h */ = {isa = PBXFileReference; fileEncoding = 4; lastKnownFileType = sourcecode.c.h; path = CXBrowserWebController.h; sourceTree = "<group>"; };
		2652AB8E1A44049C001D8F9D /* CXBrowserWebController.m */ = {isa = PBXFileReference; fileEncoding = 4; lastKnownFileType = sourcecode.c.objc; path = CXBrowserWebController.m; sourceTree = "<group>"; };
		2652AB911A440C9C001D8F9D /* CXController.h */ = {isa = PBXFileReference; fileEncoding = 4; lastKnownFileType = sourcecode.c.h; path = CXController.h; sourceTree = "<group>"; };
		2652AB921A440C9C001D8F9D /* CXController.m */ = {isa = PBXFileReference; fileEncoding = 4; lastKnownFileType = sourcecode.c.objc; path = CXController.m; sourceTree = "<group>"; };
		2652AB941A440CBE001D8F9D /* CXWebController.h */ = {isa = PBXFileReference; fileEncoding = 4; lastKnownFileType = sourcecode.c.h; path = CXWebController.h; sourceTree = "<group>"; };
		2652AB951A440CBE001D8F9D /* CXWebController.m */ = {isa = PBXFileReference; fileEncoding = 4; lastKnownFileType = sourcecode.c.objc; path = CXWebController.m; sourceTree = "<group>"; };
		2652AB971A440CCA001D8F9D /* CXTableController.h */ = {isa = PBXFileReference; fileEncoding = 4; lastKnownFileType = sourcecode.c.h; path = CXTableController.h; sourceTree = "<group>"; };
		2652AB981A440CCA001D8F9D /* CXTableController.m */ = {isa = PBXFileReference; fileEncoding = 4; lastKnownFileType = sourcecode.c.objc; path = CXTableController.m; sourceTree = "<group>"; };
		265BFA8E1BF04F6000B39AC9 /* AdSupport.framework */ = {isa = PBXFileReference; lastKnownFileType = wrapper.framework; name = AdSupport.framework; path = System/Library/Frameworks/AdSupport.framework; sourceTree = SDKROOT; };
		265BFA911BF06A6D00B39AC9 /* GDWorkspace.framework */ = {isa = PBXFileReference; lastKnownFileType = wrapper.framework; path = GDWorkspace.framework; sourceTree = "<group>"; };
		2681FB7D1A442B6B00D6F544 /* CXKeyValueType.h */ = {isa = PBXFileReference; fileEncoding = 4; lastKnownFileType = sourcecode.c.h; path = CXKeyValueType.h; sourceTree = "<group>"; };
		2681FB7E1A442B6B00D6F544 /* CXKeyValueType.m */ = {isa = PBXFileReference; fileEncoding = 4; lastKnownFileType = sourcecode.c.objc; path = CXKeyValueType.m; sourceTree = "<group>"; };
		269988891A4023080065A338 /* G7CommonSetting.plist */ = {isa = PBXFileReference; fileEncoding = 4; lastKnownFileType = text.plist.xml; path = G7CommonSetting.plist; sourceTree = "<group>"; };
		269988951A4023F70065A338 /* CHANGELOG.md */ = {isa = PBXFileReference; fileEncoding = 4; lastKnownFileType = net.daringfireball.markdown; path = CHANGELOG.md; sourceTree = "<group>"; };
		269988961A4023F70065A338 /* G7BLL.framework */ = {isa = PBXFileReference; lastKnownFileType = wrapper.framework; path = G7BLL.framework; sourceTree = "<group>"; };
		269988CF1A4023F70065A338 /* CHANGELOG.md */ = {isa = PBXFileReference; fileEncoding = 4; lastKnownFileType = net.daringfireball.markdown; path = CHANGELOG.md; sourceTree = "<group>"; };
		269988D01A4023F70065A338 /* G7Network.framework */ = {isa = PBXFileReference; lastKnownFileType = wrapper.framework; path = G7Network.framework; sourceTree = "<group>"; };
		269988ED1A40270E0065A338 /* CHANGELOG.md */ = {isa = PBXFileReference; fileEncoding = 4; lastKnownFileType = net.daringfireball.markdown; path = CHANGELOG.md; sourceTree = "<group>"; };
		269988EE1A40270E0065A338 /* G7Core.framework */ = {isa = PBXFileReference; lastKnownFileType = wrapper.framework; path = G7Core.framework; sourceTree = "<group>"; };
		26AAE53D1A47B9BC00FCE37E /* CXSettingsDetailViewController.h */ = {isa = PBXFileReference; fileEncoding = 4; lastKnownFileType = sourcecode.c.h; path = CXSettingsDetailViewController.h; sourceTree = "<group>"; };
		26AAE53E1A47B9BC00FCE37E /* CXSettingsDetailViewController.m */ = {isa = PBXFileReference; fileEncoding = 4; lastKnownFileType = sourcecode.c.objc; path = CXSettingsDetailViewController.m; sourceTree = "<group>"; };
		26EA22411A48255C0066E697 /* CXSettingsDetailController.h */ = {isa = PBXFileReference; fileEncoding = 4; lastKnownFileType = sourcecode.c.h; path = CXSettingsDetailController.h; sourceTree = "<group>"; };
		26EA22421A48255C0066E697 /* CXSettingsDetailController.m */ = {isa = PBXFileReference; fileEncoding = 4; lastKnownFileType = sourcecode.c.objc; path = CXSettingsDetailController.m; sourceTree = "<group>"; };
		26EA22471A48272C0066E697 /* CXSettingsDetailTableViewCell.h */ = {isa = PBXFileReference; fileEncoding = 4; lastKnownFileType = sourcecode.c.h; path = CXSettingsDetailTableViewCell.h; sourceTree = "<group>"; };
		26EA22481A48272C0066E697 /* CXSettingsDetailTableViewCell.m */ = {isa = PBXFileReference; fileEncoding = 4; lastKnownFileType = sourcecode.c.objc; path = CXSettingsDetailTableViewCell.m; sourceTree = "<group>"; };
		26EA224D1A4918100066E697 /* CXSettingsURLFilterViewController.h */ = {isa = PBXFileReference; fileEncoding = 4; lastKnownFileType = sourcecode.c.h; path = CXSettingsURLFilterViewController.h; sourceTree = "<group>"; };
		26EA224E1A4918100066E697 /* CXSettingsURLFilterViewController.m */ = {isa = PBXFileReference; fileEncoding = 4; lastKnownFileType = sourcecode.c.objc; path = CXSettingsURLFilterViewController.m; sourceTree = "<group>"; };
		26EA22501A493F470066E697 /* CXSettingsModel.h */ = {isa = PBXFileReference; fileEncoding = 4; lastKnownFileType = sourcecode.c.h; path = CXSettingsModel.h; sourceTree = "<group>"; };
		26EA22511A493F470066E697 /* CXSettingsModel.m */ = {isa = PBXFileReference; fileEncoding = 4; lastKnownFileType = sourcecode.c.objc; path = CXSettingsModel.m; sourceTree = "<group>"; };
/* End PBXFileReference section */

/* Begin PBXFrameworksBuildPhase section */
		043E597818C0847B00BADFF3 /* Frameworks */ = {
			isa = PBXFrameworksBuildPhase;
			buildActionMask = 2147483647;
			files = (
				265BFA8F1BF04F6000B39AC9 /* AdSupport.framework in Frameworks */,
				04F255F118E15B5B00735A3A /* CoreData.framework in Frameworks */,
				269988F01A40270E0065A338 /* G7Core.framework in Frameworks */,
				04F7193118DAC0B1006EDE32 /* AudioToolbox.framework in Frameworks */,
				04266C7018D02FC7001811F4 /* AVFoundation.framework in Frameworks */,
				269988EA1A4023F70065A338 /* G7Network.framework in Frameworks */,
				043E598118C0847B00BADFF3 /* CoreGraphics.framework in Frameworks */,
				265BFA921BF06A6D00B39AC9 /* GDWorkspace.framework in Frameworks */,
				043E598318C0847B00BADFF3 /* UIKit.framework in Frameworks */,
				269988D21A4023F70065A338 /* G7BLL.framework in Frameworks */,
				043E597F18C0847B00BADFF3 /* Foundation.framework in Frameworks */,
			);
			runOnlyForDeploymentPostprocessing = 0;
		};
		043E599318C0847B00BADFF3 /* Frameworks */ = {
			isa = PBXFrameworksBuildPhase;
			buildActionMask = 2147483647;
			files = (
				043E599A18C0847B00BADFF3 /* UIKit.framework in Frameworks */,
				043E599918C0847B00BADFF3 /* Foundation.framework in Frameworks */,
			);
			runOnlyForDeploymentPostprocessing = 0;
		};
/* End PBXFrameworksBuildPhase section */

/* Begin PBXGroup section */
		04266C3F18CFF7C4001811F4 /* Localization */ = {
			isa = PBXGroup;
			children = (
				04266C4018CFF7C4001811F4 /* InfoPlist.strings */,
			);
			path = Localization;
			sourceTree = "<group>";
		};
		043E597218C0847B00BADFF3 = {
			isa = PBXGroup;
			children = (
				2652AAFA1A4279EF001D8F9D /* Images.xcassets */,
				266657CC19ED021D00594F48 /* CodeX */,
				2652AAB01A42760D001D8F9D /* Vendor */,
				269988881A4022FE0065A338 /* Resource */,
				269986E91A4022EA0065A338 /* Framework */,
				04266C3F18CFF7C4001811F4 /* Localization */,
				2652AAA71A4275FE001D8F9D /* Support Files */,
				043E597D18C0847B00BADFF3 /* Frameworks */,
				043E597C18C0847B00BADFF3 /* Products */,
			);
			sourceTree = "<group>";
		};
		043E597C18C0847B00BADFF3 /* Products */ = {
			isa = PBXGroup;
			children = (
				043E597B18C0847B00BADFF3 /* CodeX.app */,
				043E599618C0847B00BADFF3 /* CodeXTests.xctest */,
			);
			name = Products;
			sourceTree = "<group>";
		};
		043E597D18C0847B00BADFF3 /* Frameworks */ = {
			isa = PBXGroup;
			children = (
				265BFA8E1BF04F6000B39AC9 /* AdSupport.framework */,
				04F255F018E15B5B00735A3A /* CoreData.framework */,
				04F7193018DAC0B1006EDE32 /* AudioToolbox.framework */,
				04266C6F18D02FC7001811F4 /* AVFoundation.framework */,
				043E597E18C0847B00BADFF3 /* Foundation.framework */,
				043E598018C0847B00BADFF3 /* CoreGraphics.framework */,
				043E598218C0847B00BADFF3 /* UIKit.framework */,
			);
			name = Frameworks;
			sourceTree = "<group>";
		};
		2652AAA71A4275FE001D8F9D /* Support Files */ = {
			isa = PBXGroup;
			children = (
				2652AAAC1A4275FE001D8F9D /* main.m */,
			);
			path = "Support Files";
			sourceTree = "<group>";
		};
		2652AAB01A42760D001D8F9D /* Vendor */ = {
			isa = PBXGroup;
			children = (
				2652AAC81A42760D001D8F9D /* NJKWebViewProgress */,
			);
			path = Vendor;
			sourceTree = "<group>";
		};
		2652AAC81A42760D001D8F9D /* NJKWebViewProgress */ = {
			isa = PBXGroup;
			children = (
				2652AAC91A42760D001D8F9D /* NJKWebViewProgress.h */,
				2652AACA1A42760D001D8F9D /* NJKWebViewProgress.m */,
				2652AACB1A42760D001D8F9D /* NJKWebViewProgressView.h */,
				2652AACC1A42760D001D8F9D /* NJKWebViewProgressView.m */,
			);
			path = NJKWebViewProgress;
			sourceTree = "<group>";
		};
		2652AAF41A42782D001D8F9D /* en.lproj */ = {
			isa = PBXGroup;
			children = (
				2652AAF51A42782D001D8F9D /* InfoPlist.strings */,
			);
			path = en.lproj;
			sourceTree = "<group>";
		};
		2652AB041A427C2D001D8F9D /* Common */ = {
			isa = PBXGroup;
			children = (
				2652AB051A427C2D001D8F9D /* CodeX-Prefix.pch */,
				2652AB061A427C2D001D8F9D /* CXTools.h */,
				2652AB071A427C2D001D8F9D /* CXTools.m */,
			);
			path = Common;
			sourceTree = "<group>";
		};
		2652AB081A427C2D001D8F9D /* Macro */ = {
			isa = PBXGroup;
			children = (
				2652AB091A427C2D001D8F9D /* CXAppearanceMacro.h */,
				2652AB0A1A427C2D001D8F9D /* CXKeyMacro.h */,
				2652AB0B1A427C2D001D8F9D /* CXMainMacro.h */,
				2652AB0C1A427C2D001D8F9D /* CXURLMacro.h */,
				2652AB611A42E5EF001D8F9D /* CXCoreMacro.h */,
			);
			path = Macro;
			sourceTree = "<group>";
		};
		2652AB0D1A427C2D001D8F9D /* Model */ = {
			isa = PBXGroup;
			children = (
				2652AB421A427F8B001D8F9D /* CXQRCodeResultType.h */,
				2652AB431A427F8B001D8F9D /* CXQRCodeResultType.m */,
				2652AB0E1A427C2D001D8F9D /* CXHistoryModel.h */,
				2652AB0F1A427C2D001D8F9D /* CXHistoryModel.m */,
				2652AB101A427C2D001D8F9D /* CXHistoryType.h */,
				2652AB111A427C2D001D8F9D /* CXHistoryType.m */,
				2652AB4E1A42C29D001D8F9D /* CXSettingsMenuType.h */,
				2652AB4F1A42C29D001D8F9D /* CXSettingsMenuType.m */,
				2681FB7D1A442B6B00D6F544 /* CXKeyValueType.h */,
				2681FB7E1A442B6B00D6F544 /* CXKeyValueType.m */,
				26EA22501A493F470066E697 /* CXSettingsModel.h */,
				26EA22511A493F470066E697 /* CXSettingsModel.m */,
			);
			path = Model;
			sourceTree = "<group>";
		};
		2652AB141A427C2D001D8F9D /* VC */ = {
			isa = PBXGroup;
			children = (
				2652AB511A42C98E001D8F9D /* settings */,
				2652AB151A427C2D001D8F9D /* common */,
				2652AB231A427C2D001D8F9D /* web */,
				2652AB451A42A7EE001D8F9D /* CXHomeViewController.h */,
				2652AB461A42A7EE001D8F9D /* CXHomeViewController.m */,
				2652AB1C1A427C2D001D8F9D /* CXQRCodeViewController.h */,
				2652AB1D1A427C2D001D8F9D /* CXQRCodeViewController.m */,
				2652AB1A1A427C2D001D8F9D /* CXAppDelegate.h */,
				2652AB1B1A427C2D001D8F9D /* CXAppDelegate.m */,
			);
			path = VC;
			sourceTree = "<group>";
		};
		2652AB151A427C2D001D8F9D /* common */ = {
			isa = PBXGroup;
			children = (
				2652AB161A427C2D001D8F9D /* CXNavigationController.h */,
				2652AB171A427C2D001D8F9D /* CXNavigationController.m */,
				2652AB181A427C2D001D8F9D /* CXPhoneViewController.h */,
				2652AB191A427C2D001D8F9D /* CXPhoneViewController.m */,
			);
			path = common;
			sourceTree = "<group>";
		};
		2652AB231A427C2D001D8F9D /* web */ = {
			isa = PBXGroup;
			children = (
				2652AB241A427C2D001D8F9D /* CXURLHandler.h */,
				2652AB251A427C2D001D8F9D /* CXURLHandler.m */,
				2652AB281A427C2D001D8F9D /* CXWebView.h */,
				2652AB291A427C2D001D8F9D /* CXWebView.m */,
				2652AB2A1A427C2D001D8F9D /* CXWebViewController.h */,
				2652AB2B1A427C2D001D8F9D /* CXWebViewController.m */,
			);
			path = web;
			sourceTree = "<group>";
		};
		2652AB2C1A427C2D001D8F9D /* Views */ = {
			isa = PBXGroup;
			children = (
				2652AB2D1A427C2D001D8F9D /* common */,
				2652AB481A42A7F8001D8F9D /* CXHomeURLInputView.h */,
				2652AB491A42A7F8001D8F9D /* CXHomeURLInputView.m */,
				2652AB2E1A427C2D001D8F9D /* CXHistoryView.h */,
				2652AB2F1A427C2D001D8F9D /* CXHistoryView.m */,
				2652AB301A427C2D001D8F9D /* CXQRCodeView.h */,
				2652AB311A427C2D001D8F9D /* CXQRCodeView.m */,
			);
			path = Views;
			sourceTree = "<group>";
		};
		2652AB2D1A427C2D001D8F9D /* common */ = {
			isa = PBXGroup;
			children = (
				2652AB691A43CB43001D8F9D /* CXTableView.h */,
				2652AB6A1A43CB43001D8F9D /* CXTableView.m */,
				2652AB6C1A43CB52001D8F9D /* CXTableViewCell.h */,
				2652AB6D1A43CB52001D8F9D /* CXTableViewCell.m */,
			);
			path = common;
			sourceTree = "<group>";
		};
		2652AB511A42C98E001D8F9D /* settings */ = {
			isa = PBXGroup;
			children = (
				2652AB651A43C86F001D8F9D /* settingsCont */,
				2652AB521A42C98E001D8F9D /* CXSettingsViewController.h */,
				2652AB531A42C98E001D8F9D /* CXSettingsViewController.m */,
			);
			path = settings;
			sourceTree = "<group>";
		};
		2652AB651A43C86F001D8F9D /* settingsCont */ = {
			isa = PBXGroup;
			children = (
				2652AB661A43C86F001D8F9D /* CXSettingsContViewController.h */,
				2652AB671A43C86F001D8F9D /* CXSettingsContViewController.m */,
				2652AB841A43FF2B001D8F9D /* CXSettingsContTableViewCell.h */,
				2652AB851A43FF2B001D8F9D /* CXSettingsContTableViewCell.m */,
				26AAE53D1A47B9BC00FCE37E /* CXSettingsDetailViewController.h */,
				26AAE53E1A47B9BC00FCE37E /* CXSettingsDetailViewController.m */,
				26EA22471A48272C0066E697 /* CXSettingsDetailTableViewCell.h */,
				26EA22481A48272C0066E697 /* CXSettingsDetailTableViewCell.m */,
				26EA224D1A4918100066E697 /* CXSettingsURLFilterViewController.h */,
				26EA224E1A4918100066E697 /* CXSettingsURLFilterViewController.m */,
			);
			path = settingsCont;
			sourceTree = "<group>";
		};
		2652AB791A43FB34001D8F9D /* Controller */ = {
			isa = PBXGroup;
			children = (
				2652AB901A440C2B001D8F9D /* common */,
				2652AB8D1A44049C001D8F9D /* CXBrowserWebController.h */,
				2652AB8E1A44049C001D8F9D /* CXBrowserWebController.m */,
				2652AB871A440171001D8F9D /* CXSettingsContController.h */,
				2652AB881A440171001D8F9D /* CXSettingsContController.m */,
				2652AB891A440171001D8F9D /* CXSettingsController.h */,
				2652AB8A1A440171001D8F9D /* CXSettingsController.m */,
				26EA22411A48255C0066E697 /* CXSettingsDetailController.h */,
				26EA22421A48255C0066E697 /* CXSettingsDetailController.m */,
			);
			path = Controller;
			sourceTree = "<group>";
		};
		2652AB901A440C2B001D8F9D /* common */ = {
			isa = PBXGroup;
			children = (
				2652AB911A440C9C001D8F9D /* CXController.h */,
				2652AB921A440C9C001D8F9D /* CXController.m */,
				2652AB941A440CBE001D8F9D /* CXWebController.h */,
				2652AB951A440CBE001D8F9D /* CXWebController.m */,
				2652AB971A440CCA001D8F9D /* CXTableController.h */,
				2652AB981A440CCA001D8F9D /* CXTableController.m */,
			);
			path = common;
			sourceTree = "<group>";
		};
		265BFA901BF06A6D00B39AC9 /* GDWorkspace */ = {
			isa = PBXGroup;
			children = (
				265BFA911BF06A6D00B39AC9 /* GDWorkspace.framework */,
			);
			path = GDWorkspace;
			sourceTree = "<group>";
		};
		266657CC19ED021D00594F48 /* CodeX */ = {
			isa = PBXGroup;
			children = (
				2652AB041A427C2D001D8F9D /* Common */,
				2652AB081A427C2D001D8F9D /* Macro */,
				2652AB0D1A427C2D001D8F9D /* Model */,
				2652AB791A43FB34001D8F9D /* Controller */,
				2652AB141A427C2D001D8F9D /* VC */,
				2652AB2C1A427C2D001D8F9D /* Views */,
			);
			path = CodeX;
			sourceTree = "<group>";
		};
		269986E91A4022EA0065A338 /* Framework */ = {
			isa = PBXGroup;
			children = (
				265BFA901BF06A6D00B39AC9 /* GDWorkspace */,
				269988EC1A40270E0065A338 /* G7Core */,
				269988941A4023F70065A338 /* G7BLL */,
				269988CE1A4023F70065A338 /* G7Network */,
			);
			path = Framework;
			sourceTree = "<group>";
		};
		269988881A4022FE0065A338 /* Resource */ = {
			isa = PBXGroup;
			children = (
				2652AAF31A42782D001D8F9D /* CodeX-Info.plist */,
				2652AAF41A42782D001D8F9D /* en.lproj */,
				269988891A4023080065A338 /* G7CommonSetting.plist */,
			);
			path = Resource;
			sourceTree = "<group>";
		};
		269988941A4023F70065A338 /* G7BLL */ = {
			isa = PBXGroup;
			children = (
				269988951A4023F70065A338 /* CHANGELOG.md */,
				269988961A4023F70065A338 /* G7BLL.framework */,
			);
			path = G7BLL;
			sourceTree = "<group>";
		};
		269988CE1A4023F70065A338 /* G7Network */ = {
			isa = PBXGroup;
			children = (
				269988CF1A4023F70065A338 /* CHANGELOG.md */,
				269988D01A4023F70065A338 /* G7Network.framework */,
			);
			path = G7Network;
			sourceTree = "<group>";
		};
		269988EC1A40270E0065A338 /* G7Core */ = {
			isa = PBXGroup;
			children = (
				269988ED1A40270E0065A338 /* CHANGELOG.md */,
				269988EE1A40270E0065A338 /* G7Core.framework */,
			);
			path = G7Core;
			sourceTree = "<group>";
		};
/* End PBXGroup section */

/* Begin PBXNativeTarget section */
		043E597A18C0847B00BADFF3 /* CodeX */ = {
			isa = PBXNativeTarget;
			buildConfigurationList = 043E59A718C0847B00BADFF3 /* Build configuration list for PBXNativeTarget "CodeX" */;
			buildPhases = (
				043E597718C0847B00BADFF3 /* Sources */,
				043E597818C0847B00BADFF3 /* Frameworks */,
				043E597918C0847B00BADFF3 /* Resources */,
			);
			buildRules = (
			);
			dependencies = (
			);
			name = CodeX;
			productName = NewCodeX;
			productReference = 043E597B18C0847B00BADFF3 /* CodeX.app */;
			productType = "com.apple.product-type.application";
		};
		043E599518C0847B00BADFF3 /* CodeXTests */ = {
			isa = PBXNativeTarget;
			buildConfigurationList = 043E59AA18C0847B00BADFF3 /* Build configuration list for PBXNativeTarget "CodeXTests" */;
			buildPhases = (
				043E599218C0847B00BADFF3 /* Sources */,
				043E599318C0847B00BADFF3 /* Frameworks */,
				043E599418C0847B00BADFF3 /* Resources */,
			);
			buildRules = (
			);
			dependencies = (
				043E599C18C0847B00BADFF3 /* PBXTargetDependency */,
			);
			name = CodeXTests;
			productName = NewCodeXTests;
			productReference = 043E599618C0847B00BADFF3 /* CodeXTests.xctest */;
			productType = "com.apple.product-type.bundle.unit-test";
		};
/* End PBXNativeTarget section */

/* Begin PBXProject section */
		043E597318C0847B00BADFF3 /* Project object */ = {
			isa = PBXProject;
			attributes = {
				CLASSPREFIX = Base;
				LastUpgradeCheck = 0510;
				ORGANIZATIONNAME = mac;
				TargetAttributes = {
					043E599518C0847B00BADFF3 = {
						TestTargetID = 043E597A18C0847B00BADFF3;
					};
				};
			};
			buildConfigurationList = 043E597618C0847B00BADFF3 /* Build configuration list for PBXProject "CodeX" */;
			compatibilityVersion = "Xcode 3.2";
			developmentRegion = English;
			hasScannedForEncodings = 0;
			knownRegions = (
				en,
				"zh-Hans",
			);
			mainGroup = 043E597218C0847B00BADFF3;
			productRefGroup = 043E597C18C0847B00BADFF3 /* Products */;
			projectDirPath = "";
			projectRoot = "";
			targets = (
				043E597A18C0847B00BADFF3 /* CodeX */,
				043E599518C0847B00BADFF3 /* CodeXTests */,
			);
		};
/* End PBXProject section */

/* Begin PBXResourcesBuildPhase section */
		043E597918C0847B00BADFF3 /* Resources */ = {
			isa = PBXResourcesBuildPhase;
			buildActionMask = 2147483647;
			files = (
				2699888A1A4023080065A338 /* G7CommonSetting.plist in Resources */,
				2652AAFB1A4279EF001D8F9D /* Images.xcassets in Resources */,
				2652AAF81A42782D001D8F9D /* InfoPlist.strings in Resources */,
				04266C6018CFF7C4001811F4 /* InfoPlist.strings in Resources */,
				2652AAF71A42782D001D8F9D /* CodeX-Info.plist in Resources */,
			);
			runOnlyForDeploymentPostprocessing = 0;
		};
		043E599418C0847B00BADFF3 /* Resources */ = {
			isa = PBXResourcesBuildPhase;
			buildActionMask = 2147483647;
			files = (
			);
			runOnlyForDeploymentPostprocessing = 0;
		};
/* End PBXResourcesBuildPhase section */

/* Begin PBXSourcesBuildPhase section */
		043E597718C0847B00BADFF3 /* Sources */ = {
			isa = PBXSourcesBuildPhase;
			buildActionMask = 2147483647;
			files = (
				2652AB4A1A42A7F8001D8F9D /* CXHomeURLInputView.m in Sources */,
				2652AAD71A42760D001D8F9D /* NJKWebViewProgress.m in Sources */,
				2652AAAF1A4275FE001D8F9D /* main.m in Sources */,
				2652AB991A440CCA001D8F9D /* CXTableController.m in Sources */,
				2652AB6E1A43CB52001D8F9D /* CXTableViewCell.m in Sources */,
				2652AB441A427F8B001D8F9D /* CXQRCodeResultType.m in Sources */,
				2652AB961A440CBE001D8F9D /* CXWebController.m in Sources */,
				2652AB411A427C2D001D8F9D /* CXQRCodeView.m in Sources */,
				26EA22431A48255C0066E697 /* CXSettingsDetailController.m in Sources */,
				2652AB6B1A43CB43001D8F9D /* CXTableView.m in Sources */,
				2652AB8F1A44049C001D8F9D /* CXBrowserWebController.m in Sources */,
				26EA22491A48272C0066E697 /* CXSettingsDetailTableViewCell.m in Sources */,
				269988EF1A40270E0065A338 /* CHANGELOG.md in Sources */,
				269988E91A4023F70065A338 /* CHANGELOG.md in Sources */,
				2652AB341A427C2D001D8F9D /* CXHistoryType.m in Sources */,
				2652AB401A427C2D001D8F9D /* CXHistoryView.m in Sources */,
				2652AB3C1A427C2D001D8F9D /* CXURLHandler.m in Sources */,
				26EA22521A493F470066E697 /* CXSettingsModel.m in Sources */,
				2652AB321A427C2D001D8F9D /* CXTools.m in Sources */,
				2652AB3F1A427C2D001D8F9D /* CXWebViewController.m in Sources */,
				2652AB331A427C2D001D8F9D /* CXHistoryModel.m in Sources */,
				2652AB8B1A440171001D8F9D /* CXSettingsContController.m in Sources */,
				2652AB381A427C2D001D8F9D /* CXAppDelegate.m in Sources */,
				2652AB471A42A7EE001D8F9D /* CXHomeViewController.m in Sources */,
				2652AB391A427C2D001D8F9D /* CXQRCodeViewController.m in Sources */,
				26AAE53F1A47B9BC00FCE37E /* CXSettingsDetailViewController.m in Sources */,
				2681FB7F1A442B6B00D6F544 /* CXKeyValueType.m in Sources */,
				2652AB8C1A440171001D8F9D /* CXSettingsController.m in Sources */,
				2652AB361A427C2D001D8F9D /* CXNavigationController.m in Sources */,
				2652AB681A43C86F001D8F9D /* CXSettingsContViewController.m in Sources */,
				2652AAD81A42760D001D8F9D /* NJKWebViewProgressView.m in Sources */,
				269988D11A4023F70065A338 /* CHANGELOG.md in Sources */,
				2652AB501A42C29D001D8F9D /* CXSettingsMenuType.m in Sources */,
				2652AB931A440C9C001D8F9D /* CXController.m in Sources */,
				2652AB861A43FF2B001D8F9D /* CXSettingsContTableViewCell.m in Sources */,
				2652AB371A427C2D001D8F9D /* CXPhoneViewController.m in Sources */,
				2652AB3E1A427C2D001D8F9D /* CXWebView.m in Sources */,
				26EA224F1A4918100066E697 /* CXSettingsURLFilterViewController.m in Sources */,
				2652AB541A42C98E001D8F9D /* CXSettingsViewController.m in Sources */,
			);
			runOnlyForDeploymentPostprocessing = 0;
		};
		043E599218C0847B00BADFF3 /* Sources */ = {
			isa = PBXSourcesBuildPhase;
			buildActionMask = 2147483647;
			files = (
			);
			runOnlyForDeploymentPostprocessing = 0;
		};
/* End PBXSourcesBuildPhase section */

/* Begin PBXTargetDependency section */
		043E599C18C0847B00BADFF3 /* PBXTargetDependency */ = {
			isa = PBXTargetDependency;
			target = 043E597A18C0847B00BADFF3 /* CodeX */;
			targetProxy = 043E599B18C0847B00BADFF3 /* PBXContainerItemProxy */;
		};
/* End PBXTargetDependency section */

/* Begin PBXVariantGroup section */
		04266C4018CFF7C4001811F4 /* InfoPlist.strings */ = {
			isa = PBXVariantGroup;
			children = (
				04266C4118CFF7C4001811F4 /* en */,
				04266C4218CFF7C4001811F4 /* zh-Hans */,
			);
			name = InfoPlist.strings;
			sourceTree = "<group>";
		};
		2652AAF51A42782D001D8F9D /* InfoPlist.strings */ = {
			isa = PBXVariantGroup;
			children = (
				2652AAF61A42782D001D8F9D /* en */,
			);
			name = InfoPlist.strings;
			sourceTree = "<group>";
		};
/* End PBXVariantGroup section */

/* Begin XCBuildConfiguration section */
		043E59A518C0847B00BADFF3 /* Debug */ = {
			isa = XCBuildConfiguration;
			buildSettings = {
				ALWAYS_SEARCH_USER_PATHS = NO;
				CLANG_CXX_LANGUAGE_STANDARD = "gnu++0x";
				CLANG_CXX_LIBRARY = "libc++";
				CLANG_ENABLE_MODULES = YES;
				CLANG_ENABLE_OBJC_ARC = YES;
				CLANG_WARN_BOOL_CONVERSION = YES;
				CLANG_WARN_CONSTANT_CONVERSION = YES;
				CLANG_WARN_DIRECT_OBJC_ISA_USAGE = YES_ERROR;
				CLANG_WARN_EMPTY_BODY = YES;
				CLANG_WARN_ENUM_CONVERSION = YES;
				CLANG_WARN_INT_CONVERSION = YES;
				CLANG_WARN_OBJC_ROOT_CLASS = YES_ERROR;
				CLANG_WARN__DUPLICATE_METHOD_MATCH = YES;
				CODE_SIGN_IDENTITY = "";
				"CODE_SIGN_IDENTITY[sdk=iphoneos*]" = "";
				COPY_PHASE_STRIP = NO;
				GCC_C_LANGUAGE_STANDARD = gnu99;
				GCC_DYNAMIC_NO_PIC = NO;
				GCC_OPTIMIZATION_LEVEL = 0;
				GCC_PREPROCESSOR_DEFINITIONS = (
					"DEBUG=1",
					"$(inherited)",
				);
				GCC_SYMBOLS_PRIVATE_EXTERN = NO;
				GCC_WARN_64_TO_32_BIT_CONVERSION = YES;
				GCC_WARN_ABOUT_RETURN_TYPE = YES_ERROR;
				GCC_WARN_UNDECLARED_SELECTOR = YES;
				GCC_WARN_UNINITIALIZED_AUTOS = YES;
				GCC_WARN_UNUSED_FUNCTION = YES;
				GCC_WARN_UNUSED_VARIABLE = YES;
				IPHONEOS_DEPLOYMENT_TARGET = 7.0;
				ONLY_ACTIVE_ARCH = YES;
				PROVISIONING_PROFILE = "fa9cef85-5bda-4d41-9d63-f08438e03d1c";
				SDKROOT = iphoneos;
			};
			name = Debug;
		};
		043E59A618C0847B00BADFF3 /* Release */ = {
			isa = XCBuildConfiguration;
			buildSettings = {
				ALWAYS_SEARCH_USER_PATHS = NO;
				CLANG_CXX_LANGUAGE_STANDARD = "gnu++0x";
				CLANG_CXX_LIBRARY = "libc++";
				CLANG_ENABLE_MODULES = YES;
				CLANG_ENABLE_OBJC_ARC = YES;
				CLANG_WARN_BOOL_CONVERSION = YES;
				CLANG_WARN_CONSTANT_CONVERSION = YES;
				CLANG_WARN_DIRECT_OBJC_ISA_USAGE = YES_ERROR;
				CLANG_WARN_EMPTY_BODY = YES;
				CLANG_WARN_ENUM_CONVERSION = YES;
				CLANG_WARN_INT_CONVERSION = YES;
				CLANG_WARN_OBJC_ROOT_CLASS = YES_ERROR;
				CLANG_WARN__DUPLICATE_METHOD_MATCH = YES;
				CODE_SIGN_IDENTITY = "";
				"CODE_SIGN_IDENTITY[sdk=iphoneos*]" = "";
				COPY_PHASE_STRIP = YES;
				ENABLE_NS_ASSERTIONS = NO;
				GCC_C_LANGUAGE_STANDARD = gnu99;
				GCC_WARN_64_TO_32_BIT_CONVERSION = YES;
				GCC_WARN_ABOUT_RETURN_TYPE = YES_ERROR;
				GCC_WARN_UNDECLARED_SELECTOR = YES;
				GCC_WARN_UNINITIALIZED_AUTOS = YES;
				GCC_WARN_UNUSED_FUNCTION = YES;
				GCC_WARN_UNUSED_VARIABLE = YES;
				IPHONEOS_DEPLOYMENT_TARGET = 7.0;
				PROVISIONING_PROFILE = "fa9cef85-5bda-4d41-9d63-f08438e03d1c";
				SDKROOT = iphoneos;
				VALIDATE_PRODUCT = YES;
			};
			name = Release;
		};
		043E59A818C0847B00BADFF3 /* Debug */ = {
			isa = XCBuildConfiguration;
			buildSettings = {
				ASSETCATALOG_COMPILER_APPICON_NAME = AppIcon;
				ASSETCATALOG_COMPILER_LAUNCHIMAGE_NAME = LaunchImage;
				CLANG_ENABLE_OBJC_ARC = YES;
				CODE_SIGN_IDENTITY = "";
				"CODE_SIGN_IDENTITY[sdk=iphoneos*]" = "";
				ENABLE_BITCODE = NO;
				FRAMEWORK_SEARCH_PATHS = (
					"$(inherited)",
					"$(PROJECT_DIR)/Framework/G7BLL",
					"$(PROJECT_DIR)/Framework/G7Core",
					"$(PROJECT_DIR)/Framework/G7Network",
					"$(PROJECT_DIR)/Framework/YMDevice/1.0",
					"$(PROJECT_DIR)/Framework/YMDevice/1.0.1",
					"$(PROJECT_DIR)/Framework/YMDevice",
					"$(PROJECT_DIR)/Framework/GDWorkspace",
				);
				GCC_PRECOMPILE_PREFIX_HEADER = YES;
				GCC_PREFIX_HEADER = "CodeX/Common/CodeX-Prefix.pch";
				INFOPLIST_FILE = "Resource/CodeX-Info.plist";
				LIBRARY_SEARCH_PATHS = "$(inherited)";
				OTHER_LDFLAGS = "-ObjC";
				PRODUCT_NAME = CodeX;
				PROVISIONING_PROFILE = "4fa220e1-08df-474a-a76c-26228ff3f985";
				TARGETED_DEVICE_FAMILY = "1,2";
				WRAPPER_EXTENSION = app;
			};
			name = Debug;
		};
		043E59A918C0847B00BADFF3 /* Release */ = {
			isa = XCBuildConfiguration;
			buildSettings = {
				ASSETCATALOG_COMPILER_APPICON_NAME = AppIcon;
				ASSETCATALOG_COMPILER_LAUNCHIMAGE_NAME = LaunchImage;
				CLANG_ENABLE_OBJC_ARC = YES;
				CODE_SIGN_IDENTITY = "";
				"CODE_SIGN_IDENTITY[sdk=iphoneos*]" = "";
				ENABLE_BITCODE = NO;
				FRAMEWORK_SEARCH_PATHS = (
					"$(inherited)",
					"$(PROJECT_DIR)/Framework/G7BLL",
					"$(PROJECT_DIR)/Framework/G7Core",
					"$(PROJECT_DIR)/Framework/G7Network",
					"$(PROJECT_DIR)/Framework/YMDevice/1.0",
					"$(PROJECT_DIR)/Framework/YMDevice/1.0.1",
					"$(PROJECT_DIR)/Framework/YMDevice",
					"$(PROJECT_DIR)/Framework/GDWorkspace",
				);
				GCC_PRECOMPILE_PREFIX_HEADER = YES;
				GCC_PREFIX_HEADER = "CodeX/Common/CodeX-Prefix.pch";
				INFOPLIST_FILE = "Resource/CodeX-Info.plist";
				LIBRARY_SEARCH_PATHS = "$(inherited)";
				OTHER_LDFLAGS = "-ObjC";
				PRODUCT_NAME = CodeX;
				PROVISIONING_PROFILE = "4fa220e1-08df-474a-a76c-26228ff3f985";
				TARGETED_DEVICE_FAMILY = "1,2";
				WRAPPER_EXTENSION = app;
			};
			name = Release;
		};
		043E59AB18C0847B00BADFF3 /* Debug */ = {
			isa = XCBuildConfiguration;
			buildSettings = {
				BUNDLE_LOADER = "$(BUILT_PRODUCTS_DIR)/NewCodeX.app/NewCodeX";
				FRAMEWORK_SEARCH_PATHS = (
					"$(SDKROOT)/Developer/Library/Frameworks",
					"$(inherited)",
					"$(DEVELOPER_FRAMEWORKS_DIR)",
				);
				GCC_PRECOMPILE_PREFIX_HEADER = YES;
				GCC_PREFIX_HEADER = "NewCodeX/NewCodeX-Prefix.pch";
				GCC_PREPROCESSOR_DEFINITIONS = (
					"DEBUG=1",
					"$(inherited)",
				);
				INFOPLIST_FILE = "NewCodeXTests/CodeXTests-Info.plist";
				PRODUCT_NAME = CodeXTests;
				TEST_HOST = "$(BUNDLE_LOADER)";
				WRAPPER_EXTENSION = xctest;
			};
			name = Debug;
		};
		043E59AC18C0847B00BADFF3 /* Release */ = {
			isa = XCBuildConfiguration;
			buildSettings = {
				BUNDLE_LOADER = "$(BUILT_PRODUCTS_DIR)/NewCodeX.app/NewCodeX";
				FRAMEWORK_SEARCH_PATHS = (
					"$(SDKROOT)/Developer/Library/Frameworks",
					"$(inherited)",
					"$(DEVELOPER_FRAMEWORKS_DIR)",
				);
				GCC_PRECOMPILE_PREFIX_HEADER = YES;
				GCC_PREFIX_HEADER = "NewCodeX/NewCodeX-Prefix.pch";
				INFOPLIST_FILE = "NewCodeXTests/CodeXTests-Info.plist";
				PRODUCT_NAME = CodeXTests;
				TEST_HOST = "$(BUNDLE_LOADER)";
				WRAPPER_EXTENSION = xctest;
			};
			name = Release;
		};
/* End XCBuildConfiguration section */

/* Begin XCConfigurationList section */
		043E597618C0847B00BADFF3 /* Build configuration list for PBXProject "CodeX" */ = {
			isa = XCConfigurationList;
			buildConfigurations = (
				043E59A518C0847B00BADFF3 /* Debug */,
				043E59A618C0847B00BADFF3 /* Release */,
			);
			defaultConfigurationIsVisible = 0;
			defaultConfigurationName = Release;
		};
		043E59A718C0847B00BADFF3 /* Build configuration list for PBXNativeTarget "CodeX" */ = {
			isa = XCConfigurationList;
			buildConfigurations = (
				043E59A818C0847B00BADFF3 /* Debug */,
				043E59A918C0847B00BADFF3 /* Release */,
			);
			defaultConfigurationIsVisible = 0;
			defaultConfigurationName = Release;
		};
		043E59AA18C0847B00BADFF3 /* Build configuration list for PBXNativeTarget "CodeXTests" */ = {
			isa = XCConfigurationList;
			buildConfigurations = (
				043E59AB18C0847B00BADFF3 /* Debug */,
				043E59AC18C0847B00BADFF3 /* Release */,
			);
			defaultConfigurationIsVisible = 0;
			defaultConfigurationName = Release;
		};
/* End XCConfigurationList section */
	};
	rootObject = 043E597318C0847B00BADFF3 /* Project object */;
}
